
Microsoft Visual Studio Solution File, Format Version 12.00
# Visual Studio Version 17
VisualStudioVersion = 17.6.33723.286
MinimumVisualStudioVersion = 10.0.40219.1
Project("{FAE04EC0-301F-11D3-BF4B-00C04F79EFBC}") = "CSharpDDOS", "CSharpDDOS\CSharpDDOS.csproj", "{627D4068-8E65-447E-A586-0741520E12CB}"
EndProject
Global
	GlobalSection(SolutionConfigurationPlatforms) = preSolution
		Debug|Any CPU = Debug|Any CPU
		Release|Any CPU = Release|Any CPU
	EndGlobalSection
	GlobalSection(ProjectConfigurationPlatforms) = postSolution
		{627D4068-8E65-447E-A586-0741520E12CB}.Debug|Any CPU.ActiveCfg = Debug|Any CPU
		{627D4068-8E65-447E-A586-0741520E12CB}.Debug|Any CPU.Build.0 = Debug|Any CPU
		{627D4068-8E65-447E-A586-0741520E12CB}.Release|Any CPU.ActiveCfg = Release|Any CPU
		{627D4068-8E65-447E-A586-0741520E12CB}.Release|Any CPU.Build.0 = Release|Any CPU
	EndGlobalSection
	GlobalSection(SolutionProperties) = preSolution
		HideSolutionNode = FALSE
	EndGlobalSection
	GlobalSection(ExtensibilityGlobals) = postSolution
		SolutionGuid = {1AF54D43-6EC3-455B-87EE-0494818966BC}
	EndGlobalSection
EndGlobal
